
Microsoft Visual Studio Solution File, Format Version 12.00
# Visual Studio Version 16
VisualStudioVersion = 16.0.32106.194
MinimumVisualStudioVersion = 10.0.40219.1
Project("{2150E333-8FDC-42A3-9474-1A3956D46DE8}") = "Microservices", "Microservices", "{8A068EB0-7F34-4C61-BD09-EA555C9C0C5E}"
EndProject
Project("{2150E333-8FDC-42A3-9474-1A3956D46DE8}") = "Domain", "Domain", "{37A2A5E9-A83E-4D9D-916E-B2196F528EA0}"
EndProject
Project("{2150E333-8FDC-42A3-9474-1A3956D46DE8}") = "Infra.Bus", "Infra.Bus", "{4909831A-EED0-41D1-96F2-6419B52B43AB}"
EndProject
Project("{2150E333-8FDC-42A3-9474-1A3956D46DE8}") = "Infra.IoC", "Infra.IoC", "{66304A9B-3991-4EF2-8D51-7DD9251CFA1A}"
EndProject
Project("{2150E333-8FDC-42A3-9474-1A3956D46DE8}") = "Presentation", "Presentation", "{4038F815-ACB0-4DEA-98FF-2665C19D881A}"
EndProject
Project("{FAE04EC0-301F-11D3-BF4B-00C04F79EFBC}") = "MicroRabbit.Domain.Core", "MicroRabbit.Domain.Core\MicroRabbit.Domain.Core.csproj", "{5FDAE990-7E05-400F-92FF-9FE2D12C893D}"
EndProject
Project("{FAE04EC0-301F-11D3-BF4B-00C04F79EFBC}") = "MicroRabbit.Infra.Bus", "MicroRabbit.Infra.Bus\MicroRabbit.Infra.Bus.csproj", "{2A7AB0C3-0870-4DD0-8B4A-661B3AF2433B}"
EndProject
Project("{FAE04EC0-301F-11D3-BF4B-00C04F79EFBC}") = "MicroRabbit.Infra.IoC", "MicroRabbit.Infra.IoC\MicroRabbit.Infra.IoC.csproj", "{FFE53029-70EB-41D0-B8F8-9863A1547435}"
EndProject
Project("{2150E333-8FDC-42A3-9474-1A3956D46DE8}") = "Banking", "Banking", "{6A3C5826-A781-459B-AD84-2383B764B012}"
EndProject
Project("{2150E333-8FDC-42A3-9474-1A3956D46DE8}") = "Api", "Api", "{BC846665-E3FC-4393-8AAE-8BD416992D3D}"
EndProject
Project("{2150E333-8FDC-42A3-9474-1A3956D46DE8}") = "Application", "Application", "{E634C396-4C9B-49E6-A19F-D98FB126BD2F}"
EndProject
Project("{2150E333-8FDC-42A3-9474-1A3956D46DE8}") = "Data", "Data", "{2573DEC5-3B0A-476C-B9BD-D2C580DBDA7C}"
EndProject
Project("{2150E333-8FDC-42A3-9474-1A3956D46DE8}") = "Domain", "Domain", "{52E39D11-9292-43D8-89A9-D52FB4E6CEB5}"
EndProject
Project("{FAE04EC0-301F-11D3-BF4B-00C04F79EFBC}") = "MicroRabbit.Banking.Application", "MicroRabbit.Banking.Application\MicroRabbit.Banking.Application.csproj", "{C550E8B4-7930-4D3B-AC42-1B78068080E3}"
EndProject
Project("{FAE04EC0-301F-11D3-BF4B-00C04F79EFBC}") = "MicroRabbit.Banking.Data", "MicroRabbit.Banking.Data\MicroRabbit.Banking.Data.csproj", "{CA10CDD3-56FC-485D-A354-4CBCD033BC80}"
EndProject
Project("{FAE04EC0-301F-11D3-BF4B-00C04F79EFBC}") = "MicroRabbit.Banking.Domain", "MicroRabbit.Banking.Domain\MicroRabbit.Banking.Domain.csproj", "{9DCEA01C-21F1-4687-8DA2-70A13B19466E}"
EndProject
Project("{FAE04EC0-301F-11D3-BF4B-00C04F79EFBC}") = "MicroRabbit.Banking.Api", "MicroRabbit.Banking.Api\MicroRabbit.Banking.Api.csproj", "{D6C0465C-78AC-4F81-AA00-A4F3528B4B10}"
EndProject
Global
	GlobalSection(SolutionConfigurationPlatforms) = preSolution
		Debug|Any CPU = Debug|Any CPU
		Release|Any CPU = Release|Any CPU
	EndGlobalSection
	GlobalSection(ProjectConfigurationPlatforms) = postSolution
		{5FDAE990-7E05-400F-92FF-9FE2D12C893D}.Debug|Any CPU.ActiveCfg = Debug|Any CPU
		{5FDAE990-7E05-400F-92FF-9FE2D12C893D}.Debug|Any CPU.Build.0 = Debug|Any CPU
		{5FDAE990-7E05-400F-92FF-9FE2D12C893D}.Release|Any CPU.ActiveCfg = Release|Any CPU
		{5FDAE990-7E05-400F-92FF-9FE2D12C893D}.Release|Any CPU.Build.0 = Release|Any CPU
		{2A7AB0C3-0870-4DD0-8B4A-661B3AF2433B}.Debug|Any CPU.ActiveCfg = Debug|Any CPU
		{2A7AB0C3-0870-4DD0-8B4A-661B3AF2433B}.Debug|Any CPU.Build.0 = Debug|Any CPU
		{2A7AB0C3-0870-4DD0-8B4A-661B3AF2433B}.Release|Any CPU.ActiveCfg = Release|Any CPU
		{2A7AB0C3-0870-4DD0-8B4A-661B3AF2433B}.Release|Any CPU.Build.0 = Release|Any CPU
		{FFE53029-70EB-41D0-B8F8-9863A1547435}.Debug|Any CPU.ActiveCfg = Debug|Any CPU
		{FFE53029-70EB-41D0-B8F8-9863A1547435}.Debug|Any CPU.Build.0 = Debug|Any CPU
		{FFE53029-70EB-41D0-B8F8-9863A1547435}.Release|Any CPU.ActiveCfg = Release|Any CPU
		{FFE53029-70EB-41D0-B8F8-9863A1547435}.Release|Any CPU.Build.0 = Release|Any CPU
		{C550E8B4-7930-4D3B-AC42-1B78068080E3}.Debug|Any CPU.ActiveCfg = Debug|Any CPU
		{C550E8B4-7930-4D3B-AC42-1B78068080E3}.Debug|Any CPU.Build.0 = Debug|Any CPU
		{C550E8B4-7930-4D3B-AC42-1B78068080E3}.Release|Any CPU.ActiveCfg = Release|Any CPU
		{C550E8B4-7930-4D3B-AC42-1B78068080E3}.Release|Any CPU.Build.0 = Release|Any CPU
		{CA10CDD3-56FC-485D-A354-4CBCD033BC80}.Debug|Any CPU.ActiveCfg = Debug|Any CPU
		{CA10CDD3-56FC-485D-A354-4CBCD033BC80}.Debug|Any CPU.Build.0 = Debug|Any CPU
		{CA10CDD3-56FC-485D-A354-4CBCD033BC80}.Release|Any CPU.ActiveCfg = Release|Any CPU
		{CA10CDD3-56FC-485D-A354-4CBCD033BC80}.Release|Any CPU.Build.0 = Release|Any CPU
		{9DCEA01C-21F1-4687-8DA2-70A13B19466E}.Debug|Any CPU.ActiveCfg = Debug|Any CPU
		{9DCEA01C-21F1-4687-8DA2-70A13B19466E}.Debug|Any CPU.Build.0 = Debug|Any CPU
		{9DCEA01C-21F1-4687-8DA2-70A13B19466E}.Release|Any CPU.ActiveCfg = Release|Any CPU
		{9DCEA01C-21F1-4687-8DA2-70A13B19466E}.Release|Any CPU.Build.0 = Release|Any CPU
		{D6C0465C-78AC-4F81-AA00-A4F3528B4B10}.Debug|Any CPU.ActiveCfg = Debug|Any CPU
		{D6C0465C-78AC-4F81-AA00-A4F3528B4B10}.Debug|Any CPU.Build.0 = Debug|Any CPU
		{D6C0465C-78AC-4F81-AA00-A4F3528B4B10}.Release|Any CPU.ActiveCfg = Release|Any CPU
		{D6C0465C-78AC-4F81-AA00-A4F3528B4B10}.Release|Any CPU.Build.0 = Release|Any CPU
	EndGlobalSection
	GlobalSection(SolutionProperties) = preSolution
		HideSolutionNode = FALSE
	EndGlobalSection
	GlobalSection(NestedProjects) = preSolution
		{5FDAE990-7E05-400F-92FF-9FE2D12C893D} = {37A2A5E9-A83E-4D9D-916E-B2196F528EA0}
		{2A7AB0C3-0870-4DD0-8B4A-661B3AF2433B} = {4909831A-EED0-41D1-96F2-6419B52B43AB}
		{FFE53029-70EB-41D0-B8F8-9863A1547435} = {66304A9B-3991-4EF2-8D51-7DD9251CFA1A}
		{6A3C5826-A781-459B-AD84-2383B764B012} = {8A068EB0-7F34-4C61-BD09-EA555C9C0C5E}
		{BC846665-E3FC-4393-8AAE-8BD416992D3D} = {6A3C5826-A781-459B-AD84-2383B764B012}
		{E634C396-4C9B-49E6-A19F-D98FB126BD2F} = {6A3C5826-A781-459B-AD84-2383B764B012}
		{2573DEC5-3B0A-476C-B9BD-D2C580DBDA7C} = {6A3C5826-A781-459B-AD84-2383B764B012}
		{52E39D11-9292-43D8-89A9-D52FB4E6CEB5} = {6A3C5826-A781-459B-AD84-2383B764B012}
		{C550E8B4-7930-4D3B-AC42-1B78068080E3} = {E634C396-4C9B-49E6-A19F-D98FB126BD2F}
		{CA10CDD3-56FC-485D-A354-4CBCD033BC80} = {2573DEC5-3B0A-476C-B9BD-D2C580DBDA7C}
		{9DCEA01C-21F1-4687-8DA2-70A13B19466E} = {52E39D11-9292-43D8-89A9-D52FB4E6CEB5}
		{D6C0465C-78AC-4F81-AA00-A4F3528B4B10} = {BC846665-E3FC-4393-8AAE-8BD416992D3D}
	EndGlobalSection
	GlobalSection(ExtensibilityGlobals) = postSolution
		SolutionGuid = {AB38CD83-2BD7-442A-B557-4FD0ABA05801}
	EndGlobalSection
EndGlobal
